
Microsoft Visual Studio Solution File, Format Version 12.00
# Visual Studio Version 17
VisualStudioVersion = 17.9.34728.123
MinimumVisualStudioVersion = 10.0.40219.1
Project("{FAE04EC0-301F-11D3-BF4B-00C04F79EFBC}") = "ProyectoControlDeParqueos", "ProyectoControlDeParqueos\ProyectoControlDeParqueos.csproj", "{FD4CFC4E-BC74-4F40-B509-E54D52F7A268}"
EndProject
Global
	GlobalSection(SolutionConfigurationPlatforms) = preSolution
		Debug|Any CPU = Debug|Any CPU
		Release|Any CPU = Release|Any CPU
	EndGlobalSection
	GlobalSection(ProjectConfigurationPlatforms) = postSolution
		{FD4CFC4E-BC74-4F40-B509-E54D52F7A268}.Debug|Any CPU.ActiveCfg = Debug|Any CPU
		{FD4CFC4E-BC74-4F40-B509-E54D52F7A268}.Debug|Any CPU.Build.0 = Debug|Any CPU
		{FD4CFC4E-BC74-4F40-B509-E54D52F7A268}.Release|Any CPU.ActiveCfg = Release|Any CPU
		{FD4CFC4E-BC74-4F40-B509-E54D52F7A268}.Release|Any CPU.Build.0 = Release|Any CPU
	EndGlobalSection
	GlobalSection(SolutionProperties) = preSolution
		HideSolutionNode = FALSE
	EndGlobalSection
	GlobalSection(ExtensibilityGlobals) = postSolution
		SolutionGuid = {6CEB1211-BD10-4A14-BE02-F2272743A8F5}
	EndGlobalSection
EndGlobal
